
Microsoft Visual Studio Solution File, Format Version 12.00
# Visual Studio Version 17
VisualStudioVersion = 17.0.31903.59
MinimumVisualStudioVersion = 10.0.40219.1
Project("{2150E333-8FDC-42A3-9474-1A3956D46DE8}") = "src", "src", "{0D067E29-E602-4BED-80C7-93362D1FAA25}"
EndProject
Project("{FAE04EC0-301F-11D3-BF4B-00C04F79EFBC}") = "Sample.Entrypoint", "src\Sample.Entrypoint\Sample.Entrypoint.csproj", "{0BF79844-BD30-4FA6-AAE1-54AD73479D6B}"
EndProject
Global
	GlobalSection(SolutionConfigurationPlatforms) = preSolution
		Debug|Any CPU = Debug|Any CPU
		Release|Any CPU = Release|Any CPU
	EndGlobalSection
	GlobalSection(SolutionProperties) = preSolution
		HideSolutionNode = FALSE
	EndGlobalSection
	GlobalSection(ProjectConfigurationPlatforms) = postSolution
		{0BF79844-BD30-4FA6-AAE1-54AD73479D6B}.Debug|Any CPU.ActiveCfg = Debug|Any CPU
		{0BF79844-BD30-4FA6-AAE1-54AD73479D6B}.Debug|Any CPU.Build.0 = Debug|Any CPU
		{0BF79844-BD30-4FA6-AAE1-54AD73479D6B}.Release|Any CPU.ActiveCfg = Release|Any CPU
		{0BF79844-BD30-4FA6-AAE1-54AD73479D6B}.Release|Any CPU.Build.0 = Release|Any CPU
	EndGlobalSection
	GlobalSection(NestedProjects) = preSolution
		{0BF79844-BD30-4FA6-AAE1-54AD73479D6B} = {0D067E29-E602-4BED-80C7-93362D1FAA25}
	EndGlobalSection
EndGlobal
